<?xml version="1.0" encoding="UTF-8" standalone="yes" ?>
<CodeBlocks_project_file>
	<FileVersion major="1" minor="6" />
	<Project>
		<Option title="mono-slam" />
		<Option pch_mode="2" />
		<Option compiler="gcc" />
		<Build>
			<Target title="Release">
				<Option output="bin/Release/mono-slam" prefix_auto="1" extension_auto="1" />
				<Option object_output="obj/Release/" />
				<Option type="0" />
				<Option compiler="gcc" />
				<Option projectLinkerOptionsRelation="2" />
				<Compiler>
					<Add option="-O2" />
				</Compiler>
				<Linker>
					<Add option="-s" />
				</Linker>
			</Target>
		</Build>
		<Compiler>
			<Add option="`wx-config --cflags`" />
			<Add option="-Wall" />
		</Compiler>
		<Linker>
			<Add option="`wx-config --libs`" />
		</Linker>
		<Unit filename="CPanelCameraSelection.cpp" />
		<Unit filename="CPanelCameraSelection.h" />
		<Unit filename="wxsmith/CPanelCameraSelection.wxs" />
		<Extensions>
			<envvars />
			<code_completion />
			<wxsmith version="1">
				<gui name="wxWidgets" src="mono_slamApp.cpp" main="mono_slamDialog" init_handlers="necessary" language="CPP" />
				<resources>
					<wxPanel wxs="wxsmith/CPanelCameraSelection.wxs" src="CPanelCameraSelection.cpp" hdr="CPanelCameraSelection.h" name="CPanelCameraSelection" language="CPP" />
				</resources>
			</wxsmith>
			<debugger />
			<lib_finder disable_auto="1" />
		</Extensions>
	</Project>
</CodeBlocks_project_file>
