<?xml version="1.0" encoding="UTF-8" standalone="yes" ?>
<CodeBlocks_project_file>
	<FileVersion major="1" minor="6" />
	<Project>
		<Option title="3DSceneViewer" />
		<Option pch_mode="2" />
		<Option compiler="msvc8" />
		<Build>
			<Target title="Release">
				<Option output="bin\Release\3DSceneViewer" prefix_auto="1" extension_auto="1" />
				<Option object_output="obj\Release\" />
				<Option type="0" />
				<Option compiler="msvc8" />
				<Option projectLinkerOptionsRelation="2" />
				<Compiler>
					<Add option="/MD" />
					<Add option="/O2" />
					<Add option="/Ox" />
					<Add option="/Ob1" />
					<Add option="/DNDEBUG" />
					<Add directory="$(#wx)\lib\vc_lib\msw" />
				</Compiler>
				<ResourceCompiler>
					<Add directory="$(#wx)\lib\vc_lib\msw" />
				</ResourceCompiler>
				<Linker>
					<Add option="/NODEFAULTLIB:libcmt.lib" />
					<Add library="msvcrt.lib" />
					<Add library="wxmsw28_gl.lib" />
					<Add library="wxmsw28_core.lib" />
					<Add library="wxbase28.lib" />
					<Add library="wxpng.lib" />
					<Add library="wxzlib.lib" />
					<Add library="wxjpeg.lib" />
					<Add library="wxtiff.lib" />
					<Add directory="$(#wx)\lib\vc_lib" />
				</Linker>
				<ExtraCommands>
					<Add after='mt.exe /nologo /manifest &quot;bin\Release\3DSceneViewer.exe.manifest&quot; /outputresource:&quot;bin\Release\3DSceneViewer.exe&quot;;1' />
				</ExtraCommands>
			</Target>
		</Build>
		<Compiler>
			<Add option="/TP" />
			<Add option="/Gd" />
			<Add option="/GF" />
			<Add option="/W3" />
			<Add option="/Zc:wchar_t" />
			<Add option="/EHsc" />
			<Add option="/DWIN32" />
			<Add option="/D__WIN32__" />
			<Add option="/D__WXMSW__" />
			<Add option="/D_WINDOWS" />
			<Add option="/D_CRT_SECURE_DEPRECATE" />
			<Add option="/D_CRT_NONSTDC_NO_DEPRECATE" />
			<Add option="/D_VC80_UPGRADE=0x0600" />
			<Add directory="$(#wx)\include" />
			<Add directory="$(#wx)\contrib\include" />
			<Add directory="..\..\..\include" />
		</Compiler>
		<ResourceCompiler>
			<Add directory="$(#wx)\include" />
		</ResourceCompiler>
		<Linker>
			<Add option="/INCREMENTAL:NO" />
			<Add option="/SUBSYSTEM:WINDOWS" />
			<Add library="winmm.lib" />
			<Add library="rpcrt4.lib" />
			<Add library="kernel32.lib" />
			<Add library="user32.lib" />
			<Add library="gdi32.lib" />
			<Add library="winspool.lib" />
			<Add library="comdlg32.lib" />
			<Add library="advapi32.lib" />
			<Add library="shell32.lib" />
			<Add library="ole32.lib" />
			<Add library="oleaut32.lib" />
			<Add library="uuid.lib" />
			<Add library="comctl32.lib" />
			<Add library="wsock32.lib" />
			<Add library="odbc32.lib" />
			<Add directory="..\..\..\lib" />
			<Add directory="..\..\..\lib\otherlibs" />
		</Linker>
		<Unit filename="..\CAboutBox.cpp" />
		<Unit filename="..\CAboutBox.h" />
		<Unit filename="..\CDlgPLYOptions.cpp" />
		<Unit filename="..\CDlgPLYOptions.h" />
		<Unit filename="..\_DSceneViewerApp.cpp" />
		<Unit filename="..\_DSceneViewerApp.h" />
		<Unit filename="..\_DSceneViewerMain.cpp" />
		<Unit filename="..\_DSceneViewerMain.h" />
		<Unit filename="..\wxsmith\CDialogOptions.wxs" />
		<Unit filename="..\wxsmith\_DSceneViewerframe.wxs" />
		<Extensions>
			<code_completion />
			<envvars />
			<debugger />
			<lib_finder />
			<wxsmith version="1">
				<gui name="wxWidgets" src="../_DSceneViewerApp.cpp" main="_DSceneViewerFrame" init_handlers="necessary" language="CPP" />
				<resources>
					<wxFrame wxs="../wxsmith/_DSceneViewerframe.wxs" src="../_DSceneViewerMain.cpp" hdr="../_DSceneViewerMain.h" name="_DSceneViewerFrame" language="CPP" />
					<wxDialog wxs="../wxsmith/CDialogOptions.wxs" src="../CDialogOptions.cpp" hdr="../CDialogOptions.h" name="CDialogOptions" language="CPP" />
					<wxDialog wxs="../wxsmith/CAboutBox.wxs" src="../CAboutBox.cpp" hdr="../CAboutBox.h" name="CAboutBox" language="CPP" />
					<wxDialog wxs="../wxsmith/CDlgPLYOptions.wxs" src="../CDlgPLYOptions.cpp" hdr="../CDlgPLYOptions.h" name="CDlgPLYOptions" language="CPP" />
				</resources>
			</wxsmith>
		</Extensions>
	</Project>
</CodeBlocks_project_file>
